
Microsoft Visual Studio Solution File, Format Version 12.00
# Visual Studio Version 17
VisualStudioVersion = 17.6.33829.357
MinimumVisualStudioVersion = 10.0.40219.1
Project("{FAE04EC0-301F-11D3-BF4B-00C04F79EFBC}") = "Examen1_JustineClement", "Examen1_JustineClement\Examen1_JustineClement.csproj", "{AA2F8E0E-DB57-4E50-8AD5-5D4B75D3714E}"
EndProject
Global
	GlobalSection(SolutionConfigurationPlatforms) = preSolution
		Debug|Any CPU = Debug|Any CPU
		Release|Any CPU = Release|Any CPU
	EndGlobalSection
	GlobalSection(ProjectConfigurationPlatforms) = postSolution
		{AA2F8E0E-DB57-4E50-8AD5-5D4B75D3714E}.Debug|Any CPU.ActiveCfg = Debug|Any CPU
		{AA2F8E0E-DB57-4E50-8AD5-5D4B75D3714E}.Debug|Any CPU.Build.0 = Debug|Any CPU
		{AA2F8E0E-DB57-4E50-8AD5-5D4B75D3714E}.Release|Any CPU.ActiveCfg = Release|Any CPU
		{AA2F8E0E-DB57-4E50-8AD5-5D4B75D3714E}.Release|Any CPU.Build.0 = Release|Any CPU
	EndGlobalSection
	GlobalSection(SolutionProperties) = preSolution
		HideSolutionNode = FALSE
	EndGlobalSection
	GlobalSection(ExtensibilityGlobals) = postSolution
		SolutionGuid = {3353E1F9-0357-4A37-A124-BB82C2568A63}
	EndGlobalSection
EndGlobal
